// !$*UTF8*$!
{
	archiveVersion = 1;
	classes = {
	};
	objectVersion = 56;
	objects = {

/* Begin PBXBuildFile section */
		2F124BFC2962A6BD00E84795 /* AppMain.swift in Sources */ = {isa = PBXBuildFile; fileRef = 2F124BFB2962A6BD00E84795 /* AppMain.swift */; };
		2F124BFE2962A6BD00E84795 /* ContentView.swift in Sources */ = {isa = PBXBuildFile; fileRef = 2F124BFD2962A6BD00E84795 /* ContentView.swift */; };
		2F124C002962A6BE00E84795 /* Assets.xcassets in Resources */ = {isa = PBXBuildFile; fileRef = 2F124BFF2962A6BE00E84795 /* Assets.xcassets */; };
		2F124C032962A6BE00E84795 /* Preview Assets.xcassets in Resources */ = {isa = PBXBuildFile; fileRef = 2F124C022962A6BE00E84795 /* Preview Assets.xcassets */; };
		2F352157296425FC0092B587 /* WorkWorkKit in Frameworks */ = {isa = PBXBuildFile; productRef = 2F352156296425FC0092B587 /* WorkWorkKit */; };
		2F352162296457040092B587 /* MoveableNSManagedObject.swift in Sources */ = {isa = PBXBuildFile; fileRef = 2F352161296457040092B587 /* MoveableNSManagedObject.swift */; };
		2F3521642964572E0092B587 /* MoveableEntity+Extensions.swift in Sources */ = {isa = PBXBuildFile; fileRef = 2F3521632964572E0092B587 /* MoveableEntity+Extensions.swift */; };
		2F35217B2965BD440092B587 /* Entities.xcdatamodeld in Sources */ = {isa = PBXBuildFile; fileRef = 2F3521792965BD440092B587 /* Entities.xcdatamodeld */; };
		2F3521852965C9FB0092B587 /* BaseEntity+CoreDataClass.swift in Sources */ = {isa = PBXBuildFile; fileRef = 2F35217D2965C9FB0092B587 /* BaseEntity+CoreDataClass.swift */; };
		2F3521872965C9FB0092B587 /* TodoList+CoreDataClass.swift in Sources */ = {isa = PBXBuildFile; fileRef = 2F35217F2965C9FB0092B587 /* TodoList+CoreDataClass.swift */; };
		2F3521892965C9FB0092B587 /* Todo+CoreDataClass.swift in Sources */ = {isa = PBXBuildFile; fileRef = 2F3521812965C9FB0092B587 /* Todo+CoreDataClass.swift */; };
		2F35218B2965C9FB0092B587 /* MoveableEntity+CoreDataClass.swift in Sources */ = {isa = PBXBuildFile; fileRef = 2F3521832965C9FB0092B587 /* MoveableEntity+CoreDataClass.swift */; };
		2F7F7B982962C10500AA554B /* Constants.swift in Sources */ = {isa = PBXBuildFile; fileRef = 2F7F7B972962C10500AA554B /* Constants.swift */; };
		2F7F7BA22963BE1E00AA554B /* CoreDataProvider.swift in Sources */ = {isa = PBXBuildFile; fileRef = 2F7F7BA12963BE1E00AA554B /* CoreDataProvider.swift */; };
		2F7F7BA42963BF0400AA554B /* CoreDataProvider+Extensions.swift in Sources */ = {isa = PBXBuildFile; fileRef = 2F7F7BA32963BF0400AA554B /* CoreDataProvider+Extensions.swift */; };
		2F7F7BA62963BF1C00AA554B /* NSManagedObject+Extensions.swift in Sources */ = {isa = PBXBuildFile; fileRef = 2F7F7BA52963BF1C00AA554B /* NSManagedObject+Extensions.swift */; };
		2F7F7BA92963BF4200AA554B /* CustomError.swift in Sources */ = {isa = PBXBuildFile; fileRef = 2F7F7BA82963BF4200AA554B /* CustomError.swift */; };
		2F7F7BAB2963C02900AA554B /* TodoList+Preview.swift in Sources */ = {isa = PBXBuildFile; fileRef = 2F7F7BAA2963C02900AA554B /* TodoList+Preview.swift */; };
		2F7F7BAE2963C06400AA554B /* UIApplication+Extensions.swift in Sources */ = {isa = PBXBuildFile; fileRef = 2F7F7BAD2963C06400AA554B /* UIApplication+Extensions.swift */; };
		2F7F7BB02963C07D00AA554B /* URL+Extensions.swift in Sources */ = {isa = PBXBuildFile; fileRef = 2F7F7BAF2963C07D00AA554B /* URL+Extensions.swift */; };
		2F7F7BB32963C1BC00AA554B /* AllTodoListsScreen.swift in Sources */ = {isa = PBXBuildFile; fileRef = 2F7F7BB22963C1BC00AA554B /* AllTodoListsScreen.swift */; };
		2F7F7BB52963C1C300AA554B /* SettingsScreen.swift in Sources */ = {isa = PBXBuildFile; fileRef = 2F7F7BB42963C1C300AA554B /* SettingsScreen.swift */; };
		2F7F7BB92963C2C700AA554B /* Screen.swift in Sources */ = {isa = PBXBuildFile; fileRef = 2F7F7BB82963C2C700AA554B /* Screen.swift */; };
		2F7F7BBD2963C4EE00AA554B /* TodoList+Extensions.swift in Sources */ = {isa = PBXBuildFile; fileRef = 2F7F7BBC2963C4EE00AA554B /* TodoList+Extensions.swift */; };
		2F7F7BBF2963DD8600AA554B /* TodoListScreen.swift in Sources */ = {isa = PBXBuildFile; fileRef = 2F7F7BBE2963DD8600AA554B /* TodoListScreen.swift */; };
		2F7F7BC12963DFE600AA554B /* Todo+Extensions.swift in Sources */ = {isa = PBXBuildFile; fileRef = 2F7F7BC02963DFE600AA554B /* Todo+Extensions.swift */; };
		2F7F7BC32963E66F00AA554B /* TodoRowView.swift in Sources */ = {isa = PBXBuildFile; fileRef = 2F7F7BC22963E66F00AA554B /* TodoRowView.swift */; };
		2F7F7BC52963E6A700AA554B /* Todo+Preview.swift in Sources */ = {isa = PBXBuildFile; fileRef = 2F7F7BC42963E6A700AA554B /* Todo+Preview.swift */; };
		2F7F7BC72963F65900AA554B /* AddTodoListSheet.swift in Sources */ = {isa = PBXBuildFile; fileRef = 2F7F7BC62963F65900AA554B /* AddTodoListSheet.swift */; };
		2F7F7BCA2963F84C00AA554B /* TodoListRowView.swift in Sources */ = {isa = PBXBuildFile; fileRef = 2F7F7BC92963F84C00AA554B /* TodoListRowView.swift */; };
		2F7F7BCC296418C000AA554B /* AboutSheet.swift in Sources */ = {isa = PBXBuildFile; fileRef = 2F7F7BCB296418C000AA554B /* AboutSheet.swift */; };
		2F7F7BCE296418C900AA554B /* DeleteAllDataSheet.swift in Sources */ = {isa = PBXBuildFile; fileRef = 2F7F7BCD296418C900AA554B /* DeleteAllDataSheet.swift */; };
/* End PBXBuildFile section */

/* Begin PBXFileReference section */
		2F124BF82962A6BD00E84795 /* WorkWork.app */ = {isa = PBXFileReference; explicitFileType = wrapper.application; includeInIndex = 0; path = WorkWork.app; sourceTree = BUILT_PRODUCTS_DIR; };
		2F124BFB2962A6BD00E84795 /* AppMain.swift */ = {isa = PBXFileReference; lastKnownFileType = sourcecode.swift; path = AppMain.swift; sourceTree = "<group>"; };
		2F124BFD2962A6BD00E84795 /* ContentView.swift */ = {isa = PBXFileReference; lastKnownFileType = sourcecode.swift; path = ContentView.swift; sourceTree = "<group>"; };
		2F124BFF2962A6BE00E84795 /* Assets.xcassets */ = {isa = PBXFileReference; lastKnownFileType = folder.assetcatalog; path = Assets.xcassets; sourceTree = "<group>"; };
		2F124C022962A6BE00E84795 /* Preview Assets.xcassets */ = {isa = PBXFileReference; lastKnownFileType = folder.assetcatalog; path = "Preview Assets.xcassets"; sourceTree = "<group>"; };
		2F352161296457040092B587 /* MoveableNSManagedObject.swift */ = {isa = PBXFileReference; lastKnownFileType = sourcecode.swift; path = MoveableNSManagedObject.swift; sourceTree = "<group>"; };
		2F3521632964572E0092B587 /* MoveableEntity+Extensions.swift */ = {isa = PBXFileReference; lastKnownFileType = sourcecode.swift; path = "MoveableEntity+Extensions.swift"; sourceTree = "<group>"; };
		2F35217A2965BD440092B587 /* Models.xcdatamodel */ = {isa = PBXFileReference; lastKnownFileType = wrapper.xcdatamodel; path = Models.xcdatamodel; sourceTree = "<group>"; };
		2F35217D2965C9FB0092B587 /* BaseEntity+CoreDataClass.swift */ = {isa = PBXFileReference; lastKnownFileType = sourcecode.swift; path = "BaseEntity+CoreDataClass.swift"; sourceTree = "<group>"; };
		2F35217F2965C9FB0092B587 /* TodoList+CoreDataClass.swift */ = {isa = PBXFileReference; lastKnownFileType = sourcecode.swift; path = "TodoList+CoreDataClass.swift"; sourceTree = "<group>"; };
		2F3521812965C9FB0092B587 /* Todo+CoreDataClass.swift */ = {isa = PBXFileReference; lastKnownFileType = sourcecode.swift; path = "Todo+CoreDataClass.swift"; sourceTree = "<group>"; };
		2F3521832965C9FB0092B587 /* MoveableEntity+CoreDataClass.swift */ = {isa = PBXFileReference; lastKnownFileType = sourcecode.swift; path = "MoveableEntity+CoreDataClass.swift"; sourceTree = "<group>"; };
		2F7F7B972962C10500AA554B /* Constants.swift */ = {isa = PBXFileReference; lastKnownFileType = sourcecode.swift; path = Constants.swift; sourceTree = "<group>"; };
		2F7F7BA12963BE1E00AA554B /* CoreDataProvider.swift */ = {isa = PBXFileReference; lastKnownFileType = sourcecode.swift; path = CoreDataProvider.swift; sourceTree = "<group>"; };
		2F7F7BA32963BF0400AA554B /* CoreDataProvider+Extensions.swift */ = {isa = PBXFileReference; lastKnownFileType = sourcecode.swift; path = "CoreDataProvider+Extensions.swift"; sourceTree = "<group>"; };
		2F7F7BA52963BF1C00AA554B /* NSManagedObject+Extensions.swift */ = {isa = PBXFileReference; lastKnownFileType = sourcecode.swift; path = "NSManagedObject+Extensions.swift"; sourceTree = "<group>"; };
		2F7F7BA82963BF4200AA554B /* CustomError.swift */ = {isa = PBXFileReference; lastKnownFileType = sourcecode.swift; path = CustomError.swift; sourceTree = "<group>"; };
		2F7F7BAA2963C02900AA554B /* TodoList+Preview.swift */ = {isa = PBXFileReference; lastKnownFileType = sourcecode.swift; path = "TodoList+Preview.swift"; sourceTree = "<group>"; };
		2F7F7BAD2963C06400AA554B /* UIApplication+Extensions.swift */ = {isa = PBXFileReference; lastKnownFileType = sourcecode.swift; path = "UIApplication+Extensions.swift"; sourceTree = "<group>"; };
		2F7F7BAF2963C07D00AA554B /* URL+Extensions.swift */ = {isa = PBXFileReference; lastKnownFileType = sourcecode.swift; path = "URL+Extensions.swift"; sourceTree = "<group>"; };
		2F7F7BB22963C1BC00AA554B /* AllTodoListsScreen.swift */ = {isa = PBXFileReference; lastKnownFileType = sourcecode.swift; path = AllTodoListsScreen.swift; sourceTree = "<group>"; };
		2F7F7BB42963C1C300AA554B /* SettingsScreen.swift */ = {isa = PBXFileReference; lastKnownFileType = sourcecode.swift; path = SettingsScreen.swift; sourceTree = "<group>"; };
		2F7F7BB82963C2C700AA554B /* Screen.swift */ = {isa = PBXFileReference; lastKnownFileType = sourcecode.swift; path = Screen.swift; sourceTree = "<group>"; };
		2F7F7BBA2963C31E00AA554B /* WorkWork.entitlements */ = {isa = PBXFileReference; lastKnownFileType = text.plist.entitlements; path = WorkWork.entitlements; sourceTree = "<group>"; };
		2F7F7BBB2963C32800AA554B /* Info.plist */ = {isa = PBXFileReference; lastKnownFileType = text.plist; path = Info.plist; sourceTree = "<group>"; };
		2F7F7BBC2963C4EE00AA554B /* TodoList+Extensions.swift */ = {isa = PBXFileReference; lastKnownFileType = sourcecode.swift; path = "TodoList+Extensions.swift"; sourceTree = "<group>"; };
		2F7F7BBE2963DD8600AA554B /* TodoListScreen.swift */ = {isa = PBXFileReference; lastKnownFileType = sourcecode.swift; path = TodoListScreen.swift; sourceTree = "<group>"; };
		2F7F7BC02963DFE600AA554B /* Todo+Extensions.swift */ = {isa = PBXFileReference; lastKnownFileType = sourcecode.swift; path = "Todo+Extensions.swift"; sourceTree = "<group>"; };
		2F7F7BC22963E66F00AA554B /* TodoRowView.swift */ = {isa = PBXFileReference; lastKnownFileType = sourcecode.swift; path = TodoRowView.swift; sourceTree = "<group>"; };
		2F7F7BC42963E6A700AA554B /* Todo+Preview.swift */ = {isa = PBXFileReference; lastKnownFileType = sourcecode.swift; path = "Todo+Preview.swift"; sourceTree = "<group>"; };
		2F7F7BC62963F65900AA554B /* AddTodoListSheet.swift */ = {isa = PBXFileReference; lastKnownFileType = sourcecode.swift; path = AddTodoListSheet.swift; sourceTree = "<group>"; };
		2F7F7BC92963F84C00AA554B /* TodoListRowView.swift */ = {isa = PBXFileReference; lastKnownFileType = sourcecode.swift; path = TodoListRowView.swift; sourceTree = "<group>"; };
		2F7F7BCB296418C000AA554B /* AboutSheet.swift */ = {isa = PBXFileReference; lastKnownFileType = sourcecode.swift; path = AboutSheet.swift; sourceTree = "<group>"; };
		2F7F7BCD296418C900AA554B /* DeleteAllDataSheet.swift */ = {isa = PBXFileReference; lastKnownFileType = sourcecode.swift; path = DeleteAllDataSheet.swift; sourceTree = "<group>"; };
		2FE9578C296425BD008C5636 /* WorkWorkKit */ = {isa = PBXFileReference; lastKnownFileType = wrapper; name = WorkWorkKit; path = ../WorkWorkKit; sourceTree = "<group>"; };
/* End PBXFileReference section */

/* Begin PBXFrameworksBuildPhase section */
		2F124BF52962A6BD00E84795 /* Frameworks */ = {
			isa = PBXFrameworksBuildPhase;
			buildActionMask = 2147483647;
			files = (
				2F352157296425FC0092B587 /* WorkWorkKit in Frameworks */,
			);
			runOnlyForDeploymentPostprocessing = 0;
		};
/* End PBXFrameworksBuildPhase section */

/* Begin PBXGroup section */
		2F124BEF2962A6BD00E84795 = {
			isa = PBXGroup;
			children = (
				2FE9578C296425BD008C5636 /* WorkWorkKit */,
				2F124BFA2962A6BD00E84795 /* WorkWork */,
				2F124BF92962A6BD00E84795 /* Products */,
				2F352155296425FC0092B587 /* Frameworks */,
			);
			sourceTree = "<group>";
		};
		2F124BF92962A6BD00E84795 /* Products */ = {
			isa = PBXGroup;
			children = (
				2F124BF82962A6BD00E84795 /* WorkWork.app */,
			);
			name = Products;
			sourceTree = "<group>";
		};
		2F124BFA2962A6BD00E84795 /* WorkWork */ = {
			isa = PBXGroup;
			children = (
				2F124BFB2962A6BD00E84795 /* AppMain.swift */,
				2F7F7B972962C10500AA554B /* Constants.swift */,
				2F124BFF2962A6BE00E84795 /* Assets.xcassets */,
				2F7F7BBB2963C32800AA554B /* Info.plist */,
				2F7F7BBA2963C31E00AA554B /* WorkWork.entitlements */,
				2F7F7BAC2963C05B00AA554B /* Extensions */,
				2F7F7B952962C0F400AA554B /* Data */,
				2F7F7BB12963C13900AA554B /* UI */,
				2F124C012962A6BE00E84795 /* Preview Content */,
			);
			path = WorkWork;
			sourceTree = "<group>";
		};
		2F124C012962A6BE00E84795 /* Preview Content */ = {
			isa = PBXGroup;
			children = (
				2F124C022962A6BE00E84795 /* Preview Assets.xcassets */,
			);
			path = "Preview Content";
			sourceTree = "<group>";
		};
		2F352155296425FC0092B587 /* Frameworks */ = {
			isa = PBXGroup;
			children = (
			);
			name = Frameworks;
			sourceTree = "<group>";
		};
		2F7F7B952962C0F400AA554B /* Data */ = {
			isa = PBXGroup;
			children = (
				2F7F7BA12963BE1E00AA554B /* CoreDataProvider.swift */,
				2F7F7BA32963BF0400AA554B /* CoreDataProvider+Extensions.swift */,
				2F7F7BA82963BF4200AA554B /* CustomError.swift */,
				2F3521792965BD440092B587 /* Entities.xcdatamodeld */,
				2F7F7BA72963BF3600AA554B /* Models */,
			);
			path = Data;
			sourceTree = "<group>";
		};
		2F7F7BA72963BF3600AA554B /* Models */ = {
			isa = PBXGroup;
			children = (
				2F35217D2965C9FB0092B587 /* BaseEntity+CoreDataClass.swift */,
				2F3521832965C9FB0092B587 /* MoveableEntity+CoreDataClass.swift */,
				2F3521632964572E0092B587 /* MoveableEntity+Extensions.swift */,
				2F352161296457040092B587 /* MoveableNSManagedObject.swift */,
				2F7F7BA52963BF1C00AA554B /* NSManagedObject+Extensions.swift */,
				2F7F7BD0296418E800AA554B /* TodoList */,
				2F7F7BCF296418E500AA554B /* Todo */,
			);
			path = Models;
			sourceTree = "<group>";
		};
		2F7F7BAC2963C05B00AA554B /* Extensions */ = {
			isa = PBXGroup;
			children = (
				2F7F7BAD2963C06400AA554B /* UIApplication+Extensions.swift */,
				2F7F7BAF2963C07D00AA554B /* URL+Extensions.swift */,
			);
			path = Extensions;
			sourceTree = "<group>";
		};
		2F7F7BB12963C13900AA554B /* UI */ = {
			isa = PBXGroup;
			children = (
				2F124BFD2962A6BD00E84795 /* ContentView.swift */,
				2F7F7BB82963C2C700AA554B /* Screen.swift */,
				2F7F7BC82963F80700AA554B /* TodoList */,
				2F7F7BB72963C2B400AA554B /* Todo */,
				2F7F7BB62963C2AD00AA554B /* Settings */,
			);
			path = UI;
			sourceTree = "<group>";
		};
		2F7F7BB62963C2AD00AA554B /* Settings */ = {
			isa = PBXGroup;
			children = (
				2F7F7BB42963C1C300AA554B /* SettingsScreen.swift */,
				2F7F7BCB296418C000AA554B /* AboutSheet.swift */,
				2F7F7BCD296418C900AA554B /* DeleteAllDataSheet.swift */,
			);
			path = Settings;
			sourceTree = "<group>";
		};
		2F7F7BB72963C2B400AA554B /* Todo */ = {
			isa = PBXGroup;
			children = (
				2F7F7BBE2963DD8600AA554B /* TodoListScreen.swift */,
				2F7F7BC22963E66F00AA554B /* TodoRowView.swift */,
			);
			path = Todo;
			sourceTree = "<group>";
		};
		2F7F7BC82963F80700AA554B /* TodoList */ = {
			isa = PBXGroup;
			children = (
				2F7F7BB22963C1BC00AA554B /* AllTodoListsScreen.swift */,
				2F7F7BC92963F84C00AA554B /* TodoListRowView.swift */,
				2F7F7BC62963F65900AA554B /* AddTodoListSheet.swift */,
			);
			path = TodoList;
			sourceTree = "<group>";
		};
		2F7F7BCF296418E500AA554B /* Todo */ = {
			isa = PBXGroup;
			children = (
				2F3521812965C9FB0092B587 /* Todo+CoreDataClass.swift */,
				2F7F7BC02963DFE600AA554B /* Todo+Extensions.swift */,
				2F7F7BC42963E6A700AA554B /* Todo+Preview.swift */,
			);
			path = Todo;
			sourceTree = "<group>";
		};
		2F7F7BD0296418E800AA554B /* TodoList */ = {
			isa = PBXGroup;
			children = (
				2F35217F2965C9FB0092B587 /* TodoList+CoreDataClass.swift */,
				2F7F7BBC2963C4EE00AA554B /* TodoList+Extensions.swift */,
				2F7F7BAA2963C02900AA554B /* TodoList+Preview.swift */,
			);
			path = TodoList;
			sourceTree = "<group>";
		};
/* End PBXGroup section */

/* Begin PBXNativeTarget section */
		2F124BF72962A6BD00E84795 /* WorkWork */ = {
			isa = PBXNativeTarget;
			buildConfigurationList = 2F124C062962A6BE00E84795 /* Build configuration list for PBXNativeTarget "WorkWork" */;
			buildPhases = (
				2F124BF42962A6BD00E84795 /* Sources */,
				2F124BF52962A6BD00E84795 /* Frameworks */,
				2F124BF62962A6BD00E84795 /* Resources */,
			);
			buildRules = (
			);
			dependencies = (
			);
			name = WorkWork;
			packageProductDependencies = (
				2F352156296425FC0092B587 /* WorkWorkKit */,
			);
			productName = WorkWork;
			productReference = 2F124BF82962A6BD00E84795 /* WorkWork.app */;
			productType = "com.apple.product-type.application";
		};
/* End PBXNativeTarget section */

/* Begin PBXProject section */
		2F124BF02962A6BD00E84795 /* Project object */ = {
			isa = PBXProject;
			attributes = {
				BuildIndependentTargetsInParallel = 1;
				LastSwiftUpdateCheck = 1420;
				LastUpgradeCheck = 1420;
				TargetAttributes = {
					2F124BF72962A6BD00E84795 = {
						CreatedOnToolsVersion = 14.2;
					};
				};
			};
			buildConfigurationList = 2F124BF32962A6BD00E84795 /* Build configuration list for PBXProject "WorkWork" */;
			compatibilityVersion = "Xcode 14.0";
			developmentRegion = en;
			hasScannedForEncodings = 0;
			knownRegions = (
				en,
				Base,
			);
			mainGroup = 2F124BEF2962A6BD00E84795;
			productRefGroup = 2F124BF92962A6BD00E84795 /* Products */;
			projectDirPath = "";
			projectRoot = "";
			targets = (
				2F124BF72962A6BD00E84795 /* WorkWork */,
			);
		};
/* End PBXProject section */

/* Begin PBXResourcesBuildPhase section */
		2F124BF62962A6BD00E84795 /* Resources */ = {
			isa = PBXResourcesBuildPhase;
			buildActionMask = 2147483647;
			files = (
				2F124C032962A6BE00E84795 /* Preview Assets.xcassets in Resources */,
				2F124C002962A6BE00E84795 /* Assets.xcassets in Resources */,
			);
			runOnlyForDeploymentPostprocessing = 0;
		};
/* End PBXResourcesBuildPhase section */

/* Begin PBXSourcesBuildPhase section */
		2F124BF42962A6BD00E84795 /* Sources */ = {
			isa = PBXSourcesBuildPhase;
			buildActionMask = 2147483647;
			files = (
				2F124BFE2962A6BD00E84795 /* ContentView.swift in Sources */,
				2F3521642964572E0092B587 /* MoveableEntity+Extensions.swift in Sources */,
				2F7F7BAE2963C06400AA554B /* UIApplication+Extensions.swift in Sources */,
				2F7F7BC52963E6A700AA554B /* Todo+Preview.swift in Sources */,
				2F7F7BB32963C1BC00AA554B /* AllTodoListsScreen.swift in Sources */,
				2F124BFC2962A6BD00E84795 /* AppMain.swift in Sources */,
				2F7F7BB02963C07D00AA554B /* URL+Extensions.swift in Sources */,
				2F7F7BCC296418C000AA554B /* AboutSheet.swift in Sources */,
				2F7F7BCE296418C900AA554B /* DeleteAllDataSheet.swift in Sources */,
				2F7F7BCA2963F84C00AA554B /* TodoListRowView.swift in Sources */,
				2F35218B2965C9FB0092B587 /* MoveableEntity+CoreDataClass.swift in Sources */,
				2F3521872965C9FB0092B587 /* TodoList+CoreDataClass.swift in Sources */,
				2F7F7BB92963C2C700AA554B /* Screen.swift in Sources */,
				2F7F7BA62963BF1C00AA554B /* NSManagedObject+Extensions.swift in Sources */,
				2F7F7BAB2963C02900AA554B /* TodoList+Preview.swift in Sources */,
				2F7F7BA92963BF4200AA554B /* CustomError.swift in Sources */,
				2F352162296457040092B587 /* MoveableNSManagedObject.swift in Sources */,
				2F7F7BC12963DFE600AA554B /* Todo+Extensions.swift in Sources */,
				2F3521852965C9FB0092B587 /* BaseEntity+CoreDataClass.swift in Sources */,
				2F7F7BBD2963C4EE00AA554B /* TodoList+Extensions.swift in Sources */,
				2F7F7BC32963E66F00AA554B /* TodoRowView.swift in Sources */,
				2F7F7BA22963BE1E00AA554B /* CoreDataProvider.swift in Sources */,
				2F7F7BC72963F65900AA554B /* AddTodoListSheet.swift in Sources */,
				2F7F7B982962C10500AA554B /* Constants.swift in Sources */,
				2F7F7BBF2963DD8600AA554B /* TodoListScreen.swift in Sources */,
				2F35217B2965BD440092B587 /* Entities.xcdatamodeld in Sources */,
				2F7F7BB52963C1C300AA554B /* SettingsScreen.swift in Sources */,
				2F7F7BA42963BF0400AA554B /* CoreDataProvider+Extensions.swift in Sources */,
				2F3521892965C9FB0092B587 /* Todo+CoreDataClass.swift in Sources */,
			);
			runOnlyForDeploymentPostprocessing = 0;
		};
/* End PBXSourcesBuildPhase section */

/* Begin XCBuildConfiguration section */
		2F124C042962A6BE00E84795 /* Debug */ = {
			isa = XCBuildConfiguration;
			buildSettings = {
				ALWAYS_SEARCH_USER_PATHS = NO;
				CLANG_ANALYZER_NONNULL = YES;
				CLANG_ANALYZER_NUMBER_OBJECT_CONVERSION = YES_AGGRESSIVE;
				CLANG_CXX_LANGUAGE_STANDARD = "gnu++20";
				CLANG_ENABLE_MODULES = YES;
				CLANG_ENABLE_OBJC_ARC = YES;
				CLANG_ENABLE_OBJC_WEAK = YES;
				CLANG_WARN_BLOCK_CAPTURE_AUTORELEASING = YES;
				CLANG_WARN_BOOL_CONVERSION = YES;
				CLANG_WARN_COMMA = YES;
				CLANG_WARN_CONSTANT_CONVERSION = YES;
				CLANG_WARN_DEPRECATED_OBJC_IMPLEMENTATIONS = YES;
				CLANG_WARN_DIRECT_OBJC_ISA_USAGE = YES_ERROR;
				CLANG_WARN_DOCUMENTATION_COMMENTS = YES;
				CLANG_WARN_EMPTY_BODY = YES;
				CLANG_WARN_ENUM_CONVERSION = YES;
				CLANG_WARN_INFINITE_RECURSION = YES;
				CLANG_WARN_INT_CONVERSION = YES;
				CLANG_WARN_NON_LITERAL_NULL_CONVERSION = YES;
				CLANG_WARN_OBJC_IMPLICIT_RETAIN_SELF = YES;
				CLANG_WARN_OBJC_LITERAL_CONVERSION = YES;
				CLANG_WARN_OBJC_ROOT_CLASS = YES_ERROR;
				CLANG_WARN_QUOTED_INCLUDE_IN_FRAMEWORK_HEADER = YES;
				CLANG_WARN_RANGE_LOOP_ANALYSIS = YES;
				CLANG_WARN_STRICT_PROTOTYPES = YES;
				CLANG_WARN_SUSPICIOUS_MOVE = YES;
				CLANG_WARN_UNGUARDED_AVAILABILITY = YES_AGGRESSIVE;
				CLANG_WARN_UNREACHABLE_CODE = YES;
				CLANG_WARN__DUPLICATE_METHOD_MATCH = YES;
				COPY_PHASE_STRIP = NO;
				DEBUG_INFORMATION_FORMAT = dwarf;
				ENABLE_STRICT_OBJC_MSGSEND = YES;
				ENABLE_TESTABILITY = YES;
				GCC_C_LANGUAGE_STANDARD = gnu11;
				GCC_DYNAMIC_NO_PIC = NO;
				GCC_NO_COMMON_BLOCKS = YES;
				GCC_OPTIMIZATION_LEVEL = 0;
				GCC_PREPROCESSOR_DEFINITIONS = (
					"DEBUG=1",
					"$(inherited)",
				);
				GCC_WARN_64_TO_32_BIT_CONVERSION = YES;
				GCC_WARN_ABOUT_RETURN_TYPE = YES_ERROR;
				GCC_WARN_UNDECLARED_SELECTOR = YES;
				GCC_WARN_UNINITIALIZED_AUTOS = YES_AGGRESSIVE;
				GCC_WARN_UNUSED_FUNCTION = YES;
				GCC_WARN_UNUSED_VARIABLE = YES;
				IPHONEOS_DEPLOYMENT_TARGET = 16.2;
				MTL_ENABLE_DEBUG_INFO = INCLUDE_SOURCE;
				MTL_FAST_MATH = YES;
				ONLY_ACTIVE_ARCH = YES;
				SDKROOT = iphoneos;
				SWIFT_ACTIVE_COMPILATION_CONDITIONS = DEBUG;
				SWIFT_OPTIMIZATION_LEVEL = "-Onone";
			};
			name = Debug;
		};
		2F124C052962A6BE00E84795 /* Release */ = {
			isa = XCBuildConfiguration;
			buildSettings = {
				ALWAYS_SEARCH_USER_PATHS = NO;
				CLANG_ANALYZER_NONNULL = YES;
				CLANG_ANALYZER_NUMBER_OBJECT_CONVERSION = YES_AGGRESSIVE;
				CLANG_CXX_LANGUAGE_STANDARD = "gnu++20";
				CLANG_ENABLE_MODULES = YES;
				CLANG_ENABLE_OBJC_ARC = YES;
				CLANG_ENABLE_OBJC_WEAK = YES;
				CLANG_WARN_BLOCK_CAPTURE_AUTORELEASING = YES;
				CLANG_WARN_BOOL_CONVERSION = YES;
				CLANG_WARN_COMMA = YES;
				CLANG_WARN_CONSTANT_CONVERSION = YES;
				CLANG_WARN_DEPRECATED_OBJC_IMPLEMENTATIONS = YES;
				CLANG_WARN_DIRECT_OBJC_ISA_USAGE = YES_ERROR;
				CLANG_WARN_DOCUMENTATION_COMMENTS = YES;
				CLANG_WARN_EMPTY_BODY = YES;
				CLANG_WARN_ENUM_CONVERSION = YES;
				CLANG_WARN_INFINITE_RECURSION = YES;
				CLANG_WARN_INT_CONVERSION = YES;
				CLANG_WARN_NON_LITERAL_NULL_CONVERSION = YES;
				CLANG_WARN_OBJC_IMPLICIT_RETAIN_SELF = YES;
				CLANG_WARN_OBJC_LITERAL_CONVERSION = YES;
				CLANG_WARN_OBJC_ROOT_CLASS = YES_ERROR;
				CLANG_WARN_QUOTED_INCLUDE_IN_FRAMEWORK_HEADER = YES;
				CLANG_WARN_RANGE_LOOP_ANALYSIS = YES;
				CLANG_WARN_STRICT_PROTOTYPES = YES;
				CLANG_WARN_SUSPICIOUS_MOVE = YES;
				CLANG_WARN_UNGUARDED_AVAILABILITY = YES_AGGRESSIVE;
				CLANG_WARN_UNREACHABLE_CODE = YES;
				CLANG_WARN__DUPLICATE_METHOD_MATCH = YES;
				COPY_PHASE_STRIP = NO;
				DEBUG_INFORMATION_FORMAT = "dwarf-with-dsym";
				ENABLE_NS_ASSERTIONS = NO;
				ENABLE_STRICT_OBJC_MSGSEND = YES;
				GCC_C_LANGUAGE_STANDARD = gnu11;
				GCC_NO_COMMON_BLOCKS = YES;
				GCC_WARN_64_TO_32_BIT_CONVERSION = YES;
				GCC_WARN_ABOUT_RETURN_TYPE = YES_ERROR;
				GCC_WARN_UNDECLARED_SELECTOR = YES;
				GCC_WARN_UNINITIALIZED_AUTOS = YES_AGGRESSIVE;
				GCC_WARN_UNUSED_FUNCTION = YES;
				GCC_WARN_UNUSED_VARIABLE = YES;
				IPHONEOS_DEPLOYMENT_TARGET = 16.2;
				MTL_ENABLE_DEBUG_INFO = NO;
				MTL_FAST_MATH = YES;
				SDKROOT = iphoneos;
				SWIFT_COMPILATION_MODE = wholemodule;
				SWIFT_OPTIMIZATION_LEVEL = "-O";
				VALIDATE_PRODUCT = YES;
			};
			name = Release;
		};
		2F124C072962A6BE00E84795 /* Debug */ = {
			isa = XCBuildConfiguration;
			buildSettings = {
				ASSETCATALOG_COMPILER_APPICON_NAME = AppIcon;
				ASSETCATALOG_COMPILER_GLOBAL_ACCENT_COLOR_NAME = AccentColor;
				CODE_SIGN_ENTITLEMENTS = WorkWork/WorkWork.entitlements;
				CODE_SIGN_STYLE = Automatic;
				CURRENT_PROJECT_VERSION = 1;
				DEVELOPMENT_ASSET_PATHS = "\"WorkWork/Preview Content\"";
				DEVELOPMENT_TEAM = 4BP826FJGX;
				ENABLE_PREVIEWS = YES;
				GENERATE_INFOPLIST_FILE = YES;
				INFOPLIST_FILE = WorkWork/Info.plist;
				INFOPLIST_KEY_UIApplicationSceneManifest_Generation = YES;
				INFOPLIST_KEY_UIApplicationSupportsIndirectInputEvents = YES;
				INFOPLIST_KEY_UILaunchScreen_Generation = YES;
				INFOPLIST_KEY_UISupportedInterfaceOrientations_iPad = "UIInterfaceOrientationPortrait UIInterfaceOrientationPortraitUpsideDown UIInterfaceOrientationLandscapeLeft UIInterfaceOrientationLandscapeRight";
				INFOPLIST_KEY_UISupportedInterfaceOrientations_iPhone = "UIInterfaceOrientationPortrait UIInterfaceOrientationLandscapeLeft UIInterfaceOrientationLandscapeRight";
				LD_RUNPATH_SEARCH_PATHS = (
					"$(inherited)",
					"@executable_path/Frameworks",
				);
				MARKETING_VERSION = 1.0;
				PRODUCT_BUNDLE_IDENTIFIER = dev.neurothrone.WorkWork;
				PRODUCT_NAME = "$(TARGET_NAME)";
				SWIFT_EMIT_LOC_STRINGS = YES;
				SWIFT_VERSION = 5.0;
				TARGETED_DEVICE_FAMILY = "1,2";
			};
			name = Debug;
		};
		2F124C082962A6BE00E84795 /* Release */ = {
			isa = XCBuildConfiguration;
			buildSettings = {
				ASSETCATALOG_COMPILER_APPICON_NAME = AppIcon;
				ASSETCATALOG_COMPILER_GLOBAL_ACCENT_COLOR_NAME = AccentColor;
				CODE_SIGN_ENTITLEMENTS = WorkWork/WorkWork.entitlements;
				CODE_SIGN_STYLE = Automatic;
				CURRENT_PROJECT_VERSION = 1;
				DEVELOPMENT_ASSET_PATHS = "\"WorkWork/Preview Content\"";
				DEVELOPMENT_TEAM = 4BP826FJGX;
				ENABLE_PREVIEWS = YES;
				GENERATE_INFOPLIST_FILE = YES;
				INFOPLIST_FILE = WorkWork/Info.plist;
				INFOPLIST_KEY_UIApplicationSceneManifest_Generation = YES;
				INFOPLIST_KEY_UIApplicationSupportsIndirectInputEvents = YES;
				INFOPLIST_KEY_UILaunchScreen_Generation = YES;
				INFOPLIST_KEY_UISupportedInterfaceOrientations_iPad = "UIInterfaceOrientationPortrait UIInterfaceOrientationPortraitUpsideDown UIInterfaceOrientationLandscapeLeft UIInterfaceOrientationLandscapeRight";
				INFOPLIST_KEY_UISupportedInterfaceOrientations_iPhone = "UIInterfaceOrientationPortrait UIInterfaceOrientationLandscapeLeft UIInterfaceOrientationLandscapeRight";
				LD_RUNPATH_SEARCH_PATHS = (
					"$(inherited)",
					"@executable_path/Frameworks",
				);
				MARKETING_VERSION = 1.0;
				PRODUCT_BUNDLE_IDENTIFIER = dev.neurothrone.WorkWork;
				PRODUCT_NAME = "$(TARGET_NAME)";
				SWIFT_EMIT_LOC_STRINGS = YES;
				SWIFT_VERSION = 5.0;
				TARGETED_DEVICE_FAMILY = "1,2";
			};
			name = Release;
		};
/* End XCBuildConfiguration section */

/* Begin XCConfigurationList section */
		2F124BF32962A6BD00E84795 /* Build configuration list for PBXProject "WorkWork" */ = {
			isa = XCConfigurationList;
			buildConfigurations = (
				2F124C042962A6BE00E84795 /* Debug */,
				2F124C052962A6BE00E84795 /* Release */,
			);
			defaultConfigurationIsVisible = 0;
			defaultConfigurationName = Release;
		};
		2F124C062962A6BE00E84795 /* Build configuration list for PBXNativeTarget "WorkWork" */ = {
			isa = XCConfigurationList;
			buildConfigurations = (
				2F124C072962A6BE00E84795 /* Debug */,
				2F124C082962A6BE00E84795 /* Release */,
			);
			defaultConfigurationIsVisible = 0;
			defaultConfigurationName = Release;
		};
/* End XCConfigurationList section */

/* Begin XCSwiftPackageProductDependency section */
		2F352156296425FC0092B587 /* WorkWorkKit */ = {
			isa = XCSwiftPackageProductDependency;
			productName = WorkWorkKit;
		};
/* End XCSwiftPackageProductDependency section */

/* Begin XCVersionGroup section */
		2F3521792965BD440092B587 /* Entities.xcdatamodeld */ = {
			isa = XCVersionGroup;
			children = (
				2F35217A2965BD440092B587 /* Models.xcdatamodel */,
			);
			currentVersion = 2F35217A2965BD440092B587 /* Models.xcdatamodel */;
			path = Entities.xcdatamodeld;
			sourceTree = "<group>";
			versionGroupType = wrapper.xcdatamodel;
		};
/* End XCVersionGroup section */
	};
	rootObject = 2F124BF02962A6BD00E84795 /* Project object */;
}
